
Microsoft Visual Studio Solution File, Format Version 12.00
# Visual Studio Version 17
VisualStudioVersion = 17.9.34616.47
MinimumVisualStudioVersion = 10.0.40219.1
Project("{FAE04EC0-301F-11D3-BF4B-00C04F79EFBC}") = "pr3krasikov", "pr3krasikov.csproj", "{098D52FB-2A1E-4F5C-A513-CFF36F8938A7}"
EndProject
Global
	GlobalSection(SolutionConfigurationPlatforms) = preSolution
		Debug|Any CPU = Debug|Any CPU
		Release|Any CPU = Release|Any CPU
	EndGlobalSection
	GlobalSection(ProjectConfigurationPlatforms) = postSolution
		{098D52FB-2A1E-4F5C-A513-CFF36F8938A7}.Debug|Any CPU.ActiveCfg = Debug|Any CPU
		{098D52FB-2A1E-4F5C-A513-CFF36F8938A7}.Debug|Any CPU.Build.0 = Debug|Any CPU
		{098D52FB-2A1E-4F5C-A513-CFF36F8938A7}.Release|Any CPU.ActiveCfg = Release|Any CPU
		{098D52FB-2A1E-4F5C-A513-CFF36F8938A7}.Release|Any CPU.Build.0 = Release|Any CPU
	EndGlobalSection
	GlobalSection(SolutionProperties) = preSolution
		HideSolutionNode = FALSE
	EndGlobalSection
	GlobalSection(ExtensibilityGlobals) = postSolution
		SolutionGuid = {61A72B70-EAA4-4B97-82AF-2A25C010A584}
	EndGlobalSection
EndGlobal
